
Microsoft Visual Studio Solution File, Format Version 12.00
# Visual Studio Version 17
VisualStudioVersion = 17.13.35919.96 d17.13
MinimumVisualStudioVersion = 10.0.40219.1
Project("{FAE04EC0-301F-11D3-BF4B-00C04F79EFBC}") = "SimpleBlog.Api", "SimpleBlog.Api\SimpleBlog.Api.csproj", "{C47C6C29-7663-4762-A59C-4C701E862FDF}"
EndProject
Project("{FAE04EC0-301F-11D3-BF4B-00C04F79EFBC}") = "SimpleBlog.Core", "SimpleBlog.Core\SimpleBlog.Core.csproj", "{74E5B246-1A2D-499C-B5B5-23CE27C35453}"
EndProject
Project("{FAE04EC0-301F-11D3-BF4B-00C04F79EFBC}") = "SimpleBlog.Database", "SimpleBlog.Database\SimpleBlog.Database.csproj", "{903512A8-BCFB-42ED-A79F-86AC2707ED6C}"
EndProject
Global
	GlobalSection(SolutionConfigurationPlatforms) = preSolution
		Debug|Any CPU = Debug|Any CPU
		Release|Any CPU = Release|Any CPU
	EndGlobalSection
	GlobalSection(ProjectConfigurationPlatforms) = postSolution
		{C47C6C29-7663-4762-A59C-4C701E862FDF}.Debug|Any CPU.ActiveCfg = Debug|Any CPU
		{C47C6C29-7663-4762-A59C-4C701E862FDF}.Debug|Any CPU.Build.0 = Debug|Any CPU
		{C47C6C29-7663-4762-A59C-4C701E862FDF}.Release|Any CPU.ActiveCfg = Release|Any CPU
		{C47C6C29-7663-4762-A59C-4C701E862FDF}.Release|Any CPU.Build.0 = Release|Any CPU
		{74E5B246-1A2D-499C-B5B5-23CE27C35453}.Debug|Any CPU.ActiveCfg = Debug|Any CPU
		{74E5B246-1A2D-499C-B5B5-23CE27C35453}.Debug|Any CPU.Build.0 = Debug|Any CPU
		{74E5B246-1A2D-499C-B5B5-23CE27C35453}.Release|Any CPU.ActiveCfg = Release|Any CPU
		{74E5B246-1A2D-499C-B5B5-23CE27C35453}.Release|Any CPU.Build.0 = Release|Any CPU
		{903512A8-BCFB-42ED-A79F-86AC2707ED6C}.Debug|Any CPU.ActiveCfg = Debug|Any CPU
		{903512A8-BCFB-42ED-A79F-86AC2707ED6C}.Debug|Any CPU.Build.0 = Debug|Any CPU
		{903512A8-BCFB-42ED-A79F-86AC2707ED6C}.Release|Any CPU.ActiveCfg = Release|Any CPU
		{903512A8-BCFB-42ED-A79F-86AC2707ED6C}.Release|Any CPU.Build.0 = Release|Any CPU
	EndGlobalSection
	GlobalSection(SolutionProperties) = preSolution
		HideSolutionNode = FALSE
	EndGlobalSection
	GlobalSection(ExtensibilityGlobals) = postSolution
		SolutionGuid = {A0B2ACB4-391F-466E-A6C7-D50F1F4F6F7A}
	EndGlobalSection
EndGlobal
